
Microsoft Visual Studio Solution File, Format Version 12.00
# Visual Studio Version 16
VisualStudioVersion = 16.0.29025.244
MinimumVisualStudioVersion = 10.0.40219.1
Project("{9A19103F-16F7-4668-BE54-9A1E7A4F7556}") = "DependencyUpdaterCore", "DependencyUpdaterCore\DependencyUpdaterCore.csproj", "{43EAA44E-A708-440C-AAFE-A891FCA85BE5}"
EndProject
Project("{9A19103F-16F7-4668-BE54-9A1E7A4F7556}") = "DependencyUpdaterCore.Tests", "DependencyUpdaterCore.Tests\DependencyUpdaterCore.Tests.csproj", "{33854058-8B88-4DFF-8F78-C305600491BB}"
EndProject
Project("{9A19103F-16F7-4668-BE54-9A1E7A4F7556}") = "SampleWebClient", "SampleWebClient\SampleWebClient.csproj", "{3D05849D-E1AE-4A8B-914D-AB6C2BB741DB}"
EndProject
Global
	GlobalSection(SolutionConfigurationPlatforms) = preSolution
		Debug|Any CPU = Debug|Any CPU
		Release|Any CPU = Release|Any CPU
	EndGlobalSection
	GlobalSection(ProjectConfigurationPlatforms) = postSolution
		{43EAA44E-A708-440C-AAFE-A891FCA85BE5}.Debug|Any CPU.ActiveCfg = Debug|Any CPU
		{43EAA44E-A708-440C-AAFE-A891FCA85BE5}.Debug|Any CPU.Build.0 = Debug|Any CPU
		{43EAA44E-A708-440C-AAFE-A891FCA85BE5}.Release|Any CPU.ActiveCfg = Release|Any CPU
		{43EAA44E-A708-440C-AAFE-A891FCA85BE5}.Release|Any CPU.Build.0 = Release|Any CPU
		{33854058-8B88-4DFF-8F78-C305600491BB}.Debug|Any CPU.ActiveCfg = Debug|Any CPU
		{33854058-8B88-4DFF-8F78-C305600491BB}.Debug|Any CPU.Build.0 = Debug|Any CPU
		{33854058-8B88-4DFF-8F78-C305600491BB}.Release|Any CPU.ActiveCfg = Release|Any CPU
		{33854058-8B88-4DFF-8F78-C305600491BB}.Release|Any CPU.Build.0 = Release|Any CPU
		{3D05849D-E1AE-4A8B-914D-AB6C2BB741DB}.Debug|Any CPU.ActiveCfg = Debug|Any CPU
		{3D05849D-E1AE-4A8B-914D-AB6C2BB741DB}.Debug|Any CPU.Build.0 = Debug|Any CPU
		{3D05849D-E1AE-4A8B-914D-AB6C2BB741DB}.Release|Any CPU.ActiveCfg = Release|Any CPU
		{3D05849D-E1AE-4A8B-914D-AB6C2BB741DB}.Release|Any CPU.Build.0 = Release|Any CPU
	EndGlobalSection
	GlobalSection(SolutionProperties) = preSolution
		HideSolutionNode = FALSE
	EndGlobalSection
	GlobalSection(ExtensibilityGlobals) = postSolution
		SolutionGuid = {26C59B67-9465-47E6-8331-36C93C77066D}
	EndGlobalSection
EndGlobal
